// !$*UTF8*$!
{
	archiveVersion = 1;
	classes = {
	};
	objectVersion = 55;
	objects = {

/* Begin PBXBuildFile section */
		041F515429B769FB00AA16AF /* UserTableViewCell.swift in Sources */ = {isa = PBXBuildFile; fileRef = 041F515229B769FB00AA16AF /* UserTableViewCell.swift */; };
		041F515529B769FB00AA16AF /* UserTableViewCell.xib in Resources */ = {isa = PBXBuildFile; fileRef = 041F515329B769FB00AA16AF /* UserTableViewCell.xib */; };
		041F515729B76BAF00AA16AF /* User.swift in Sources */ = {isa = PBXBuildFile; fileRef = 041F515629B76BAF00AA16AF /* User.swift */; };
		0449E11E29B768AB00C87C3F /* AppDelegate.swift in Sources */ = {isa = PBXBuildFile; fileRef = 0449E11D29B768AB00C87C3F /* AppDelegate.swift */; };
		0449E12029B768AB00C87C3F /* SceneDelegate.swift in Sources */ = {isa = PBXBuildFile; fileRef = 0449E11F29B768AB00C87C3F /* SceneDelegate.swift */; };
		0449E12229B768AB00C87C3F /* ViewController.swift in Sources */ = {isa = PBXBuildFile; fileRef = 0449E12129B768AB00C87C3F /* ViewController.swift */; };
		0449E12529B768AB00C87C3F /* Main.storyboard in Resources */ = {isa = PBXBuildFile; fileRef = 0449E12329B768AB00C87C3F /* Main.storyboard */; };
		0449E12729B768AD00C87C3F /* Assets.xcassets in Resources */ = {isa = PBXBuildFile; fileRef = 0449E12629B768AD00C87C3F /* Assets.xcassets */; };
		0449E12A29B768AD00C87C3F /* LaunchScreen.storyboard in Resources */ = {isa = PBXBuildFile; fileRef = 0449E12829B768AD00C87C3F /* LaunchScreen.storyboard */; };
		046369BF29B7A56000D2645B /* UserDetailViewController.swift in Sources */ = {isa = PBXBuildFile; fileRef = 046369BE29B7A56000D2645B /* UserDetailViewController.swift */; };
		C567B51B40D9694515801528 /* Pods_Task6.framework in Frameworks */ = {isa = PBXBuildFile; fileRef = 021F8ABD4F67089CA73E787E /* Pods_Task6.framework */; };
/* End PBXBuildFile section */

/* Begin PBXFileReference section */
		021F8ABD4F67089CA73E787E /* Pods_Task6.framework */ = {isa = PBXFileReference; explicitFileType = wrapper.framework; includeInIndex = 0; path = Pods_Task6.framework; sourceTree = BUILT_PRODUCTS_DIR; };
		041F515229B769FB00AA16AF /* UserTableViewCell.swift */ = {isa = PBXFileReference; lastKnownFileType = sourcecode.swift; path = UserTableViewCell.swift; sourceTree = "<group>"; };
		041F515329B769FB00AA16AF /* UserTableViewCell.xib */ = {isa = PBXFileReference; lastKnownFileType = file.xib; path = UserTableViewCell.xib; sourceTree = "<group>"; };
		041F515629B76BAF00AA16AF /* User.swift */ = {isa = PBXFileReference; lastKnownFileType = sourcecode.swift; path = User.swift; sourceTree = "<group>"; };
		0449E11A29B768AB00C87C3F /* Task6.app */ = {isa = PBXFileReference; explicitFileType = wrapper.application; includeInIndex = 0; path = Task6.app; sourceTree = BUILT_PRODUCTS_DIR; };
		0449E11D29B768AB00C87C3F /* AppDelegate.swift */ = {isa = PBXFileReference; lastKnownFileType = sourcecode.swift; path = AppDelegate.swift; sourceTree = "<group>"; };
		0449E11F29B768AB00C87C3F /* SceneDelegate.swift */ = {isa = PBXFileReference; lastKnownFileType = sourcecode.swift; path = SceneDelegate.swift; sourceTree = "<group>"; };
		0449E12129B768AB00C87C3F /* ViewController.swift */ = {isa = PBXFileReference; lastKnownFileType = sourcecode.swift; path = ViewController.swift; sourceTree = "<group>"; };
		0449E12429B768AB00C87C3F /* Base */ = {isa = PBXFileReference; lastKnownFileType = file.storyboard; name = Base; path = Base.lproj/Main.storyboard; sourceTree = "<group>"; };
		0449E12629B768AD00C87C3F /* Assets.xcassets */ = {isa = PBXFileReference; lastKnownFileType = folder.assetcatalog; path = Assets.xcassets; sourceTree = "<group>"; };
		0449E12929B768AD00C87C3F /* Base */ = {isa = PBXFileReference; lastKnownFileType = file.storyboard; name = Base; path = Base.lproj/LaunchScreen.storyboard; sourceTree = "<group>"; };
		0449E12B29B768AD00C87C3F /* Info.plist */ = {isa = PBXFileReference; lastKnownFileType = text.plist.xml; path = Info.plist; sourceTree = "<group>"; };
		046369BE29B7A56000D2645B /* UserDetailViewController.swift */ = {isa = PBXFileReference; lastKnownFileType = sourcecode.swift; path = UserDetailViewController.swift; sourceTree = "<group>"; };
		62F543B3B5A15A26623C668D /* Pods-Task6.debug.xcconfig */ = {isa = PBXFileReference; includeInIndex = 1; lastKnownFileType = text.xcconfig; name = "Pods-Task6.debug.xcconfig"; path = "Target Support Files/Pods-Task6/Pods-Task6.debug.xcconfig"; sourceTree = "<group>"; };
		FA1FD35BBF95A9DD82DFC4F3 /* Pods-Task6.release.xcconfig */ = {isa = PBXFileReference; includeInIndex = 1; lastKnownFileType = text.xcconfig; name = "Pods-Task6.release.xcconfig"; path = "Target Support Files/Pods-Task6/Pods-Task6.release.xcconfig"; sourceTree = "<group>"; };
/* End PBXFileReference section */

/* Begin PBXFrameworksBuildPhase section */
		0449E11729B768AB00C87C3F /* Frameworks */ = {
			isa = PBXFrameworksBuildPhase;
			buildActionMask = 2147483647;
			files = (
				C567B51B40D9694515801528 /* Pods_Task6.framework in Frameworks */,
			);
			runOnlyForDeploymentPostprocessing = 0;
		};
/* End PBXFrameworksBuildPhase section */

/* Begin PBXGroup section */
		0449E11129B768AB00C87C3F = {
			isa = PBXGroup;
			children = (
				0449E11C29B768AB00C87C3F /* Task6 */,
				0449E11B29B768AB00C87C3F /* Products */,
				152265F321A8B9E99C78E7B1 /* Pods */,
				BEC2A2E874B3D2FE7CBD5D32 /* Frameworks */,
			);
			sourceTree = "<group>";
		};
		0449E11B29B768AB00C87C3F /* Products */ = {
			isa = PBXGroup;
			children = (
				0449E11A29B768AB00C87C3F /* Task6.app */,
			);
			name = Products;
			sourceTree = "<group>";
		};
		0449E11C29B768AB00C87C3F /* Task6 */ = {
			isa = PBXGroup;
			children = (
				0449E11D29B768AB00C87C3F /* AppDelegate.swift */,
				0449E11F29B768AB00C87C3F /* SceneDelegate.swift */,
				0449E12129B768AB00C87C3F /* ViewController.swift */,
				0449E12329B768AB00C87C3F /* Main.storyboard */,
				0449E12629B768AD00C87C3F /* Assets.xcassets */,
				0449E12829B768AD00C87C3F /* LaunchScreen.storyboard */,
				0449E12B29B768AD00C87C3F /* Info.plist */,
				041F515229B769FB00AA16AF /* UserTableViewCell.swift */,
				041F515329B769FB00AA16AF /* UserTableViewCell.xib */,
				041F515629B76BAF00AA16AF /* User.swift */,
				046369BE29B7A56000D2645B /* UserDetailViewController.swift */,
			);
			path = Task6;
			sourceTree = "<group>";
		};
		152265F321A8B9E99C78E7B1 /* Pods */ = {
			isa = PBXGroup;
			children = (
				62F543B3B5A15A26623C668D /* Pods-Task6.debug.xcconfig */,
				FA1FD35BBF95A9DD82DFC4F3 /* Pods-Task6.release.xcconfig */,
			);
			path = Pods;
			sourceTree = "<group>";
		};
		BEC2A2E874B3D2FE7CBD5D32 /* Frameworks */ = {
			isa = PBXGroup;
			children = (
				021F8ABD4F67089CA73E787E /* Pods_Task6.framework */,
			);
			name = Frameworks;
			sourceTree = "<group>";
		};
/* End PBXGroup section */

/* Begin PBXNativeTarget section */
		0449E11929B768AB00C87C3F /* Task6 */ = {
			isa = PBXNativeTarget;
			buildConfigurationList = 0449E12E29B768AD00C87C3F /* Build configuration list for PBXNativeTarget "Task6" */;
			buildPhases = (
				C0906FC90273B39D598A0EB9 /* [CP] Check Pods Manifest.lock */,
				0449E11629B768AB00C87C3F /* Sources */,
				0449E11729B768AB00C87C3F /* Frameworks */,
				0449E11829B768AB00C87C3F /* Resources */,
				6225527118E2B563A4BFD384 /* [CP] Embed Pods Frameworks */,
			);
			buildRules = (
			);
			dependencies = (
			);
			name = Task6;
			productName = Task6;
			productReference = 0449E11A29B768AB00C87C3F /* Task6.app */;
			productType = "com.apple.product-type.application";
		};
/* End PBXNativeTarget section */

/* Begin PBXProject section */
		0449E11229B768AB00C87C3F /* Project object */ = {
			isa = PBXProject;
			attributes = {
				BuildIndependentTargetsInParallel = 1;
				LastSwiftUpdateCheck = 1340;
				LastUpgradeCheck = 1340;
				TargetAttributes = {
					0449E11929B768AB00C87C3F = {
						CreatedOnToolsVersion = 13.4.1;
					};
				};
			};
			buildConfigurationList = 0449E11529B768AB00C87C3F /* Build configuration list for PBXProject "Task6" */;
			compatibilityVersion = "Xcode 13.0";
			developmentRegion = en;
			hasScannedForEncodings = 0;
			knownRegions = (
				en,
				Base,
			);
			mainGroup = 0449E11129B768AB00C87C3F;
			productRefGroup = 0449E11B29B768AB00C87C3F /* Products */;
			projectDirPath = "";
			projectRoot = "";
			targets = (
				0449E11929B768AB00C87C3F /* Task6 */,
			);
		};
/* End PBXProject section */

/* Begin PBXResourcesBuildPhase section */
		0449E11829B768AB00C87C3F /* Resources */ = {
			isa = PBXResourcesBuildPhase;
			buildActionMask = 2147483647;
			files = (
				041F515529B769FB00AA16AF /* UserTableViewCell.xib in Resources */,
				0449E12A29B768AD00C87C3F /* LaunchScreen.storyboard in Resources */,
				0449E12729B768AD00C87C3F /* Assets.xcassets in Resources */,
				0449E12529B768AB00C87C3F /* Main.storyboard in Resources */,
			);
			runOnlyForDeploymentPostprocessing = 0;
		};
/* End PBXResourcesBuildPhase section */

/* Begin PBXShellScriptBuildPhase section */
		6225527118E2B563A4BFD384 /* [CP] Embed Pods Frameworks */ = {
			isa = PBXShellScriptBuildPhase;
			buildActionMask = 2147483647;
			files = (
			);
			inputFileListPaths = (
				"${PODS_ROOT}/Target Support Files/Pods-Task6/Pods-Task6-frameworks-${CONFIGURATION}-input-files.xcfilelist",
			);
			name = "[CP] Embed Pods Frameworks";
			outputFileListPaths = (
				"${PODS_ROOT}/Target Support Files/Pods-Task6/Pods-Task6-frameworks-${CONFIGURATION}-output-files.xcfilelist",
			);
			runOnlyForDeploymentPostprocessing = 0;
			shellPath = /bin/sh;
			shellScript = "\"${PODS_ROOT}/Target Support Files/Pods-Task6/Pods-Task6-frameworks.sh\"\n";
			showEnvVarsInLog = 0;
		};
		C0906FC90273B39D598A0EB9 /* [CP] Check Pods Manifest.lock */ = {
			isa = PBXShellScriptBuildPhase;
			buildActionMask = 2147483647;
			files = (
			);
			inputFileListPaths = (
			);
			inputPaths = (
				"${PODS_PODFILE_DIR_PATH}/Podfile.lock",
				"${PODS_ROOT}/Manifest.lock",
			);
			name = "[CP] Check Pods Manifest.lock";
			outputFileListPaths = (
			);
			outputPaths = (
				"$(DERIVED_FILE_DIR)/Pods-Task6-checkManifestLockResult.txt",
			);
			runOnlyForDeploymentPostprocessing = 0;
			shellPath = /bin/sh;
			shellScript = "diff \"${PODS_PODFILE_DIR_PATH}/Podfile.lock\" \"${PODS_ROOT}/Manifest.lock\" > /dev/null\nif [ $? != 0 ] ; then\n    # print error to STDERR\n    echo \"error: The sandbox is not in sync with the Podfile.lock. Run 'pod install' or update your CocoaPods installation.\" >&2\n    exit 1\nfi\n# This output is used by Xcode 'outputs' to avoid re-running this script phase.\necho \"SUCCESS\" > \"${SCRIPT_OUTPUT_FILE_0}\"\n";
			showEnvVarsInLog = 0;
		};
/* End PBXShellScriptBuildPhase section */

/* Begin PBXSourcesBuildPhase section */
		0449E11629B768AB00C87C3F /* Sources */ = {
			isa = PBXSourcesBuildPhase;
			buildActionMask = 2147483647;
			files = (
				041F515429B769FB00AA16AF /* UserTableViewCell.swift in Sources */,
				0449E12229B768AB00C87C3F /* ViewController.swift in Sources */,
				046369BF29B7A56000D2645B /* UserDetailViewController.swift in Sources */,
				0449E11E29B768AB00C87C3F /* AppDelegate.swift in Sources */,
				041F515729B76BAF00AA16AF /* User.swift in Sources */,
				0449E12029B768AB00C87C3F /* SceneDelegate.swift in Sources */,
			);
			runOnlyForDeploymentPostprocessing = 0;
		};
/* End PBXSourcesBuildPhase section */

/* Begin PBXVariantGroup section */
		0449E12329B768AB00C87C3F /* Main.storyboard */ = {
			isa = PBXVariantGroup;
			children = (
				0449E12429B768AB00C87C3F /* Base */,
			);
			name = Main.storyboard;
			sourceTree = "<group>";
		};
		0449E12829B768AD00C87C3F /* LaunchScreen.storyboard */ = {
			isa = PBXVariantGroup;
			children = (
				0449E12929B768AD00C87C3F /* Base */,
			);
			name = LaunchScreen.storyboard;
			sourceTree = "<group>";
		};
/* End PBXVariantGroup section */

/* Begin XCBuildConfiguration section */
		0449E12C29B768AD00C87C3F /* Debug */ = {
			isa = XCBuildConfiguration;
			buildSettings = {
				ALWAYS_SEARCH_USER_PATHS = NO;
				CLANG_ANALYZER_NONNULL = YES;
				CLANG_ANALYZER_NUMBER_OBJECT_CONVERSION = YES_AGGRESSIVE;
				CLANG_CXX_LANGUAGE_STANDARD = "gnu++17";
				CLANG_ENABLE_MODULES = YES;
				CLANG_ENABLE_OBJC_ARC = YES;
				CLANG_ENABLE_OBJC_WEAK = YES;
				CLANG_WARN_BLOCK_CAPTURE_AUTORELEASING = YES;
				CLANG_WARN_BOOL_CONVERSION = YES;
				CLANG_WARN_COMMA = YES;
				CLANG_WARN_CONSTANT_CONVERSION = YES;
				CLANG_WARN_DEPRECATED_OBJC_IMPLEMENTATIONS = YES;
				CLANG_WARN_DIRECT_OBJC_ISA_USAGE = YES_ERROR;
				CLANG_WARN_DOCUMENTATION_COMMENTS = YES;
				CLANG_WARN_EMPTY_BODY = YES;
				CLANG_WARN_ENUM_CONVERSION = YES;
				CLANG_WARN_INFINITE_RECURSION = YES;
				CLANG_WARN_INT_CONVERSION = YES;
				CLANG_WARN_NON_LITERAL_NULL_CONVERSION = YES;
				CLANG_WARN_OBJC_IMPLICIT_RETAIN_SELF = YES;
				CLANG_WARN_OBJC_LITERAL_CONVERSION = YES;
				CLANG_WARN_OBJC_ROOT_CLASS = YES_ERROR;
				CLANG_WARN_QUOTED_INCLUDE_IN_FRAMEWORK_HEADER = YES;
				CLANG_WARN_RANGE_LOOP_ANALYSIS = YES;
				CLANG_WARN_STRICT_PROTOTYPES = YES;
				CLANG_WARN_SUSPICIOUS_MOVE = YES;
				CLANG_WARN_UNGUARDED_AVAILABILITY = YES_AGGRESSIVE;
				CLANG_WARN_UNREACHABLE_CODE = YES;
				CLANG_WARN__DUPLICATE_METHOD_MATCH = YES;
				COPY_PHASE_STRIP = NO;
				DEBUG_INFORMATION_FORMAT = dwarf;
				ENABLE_STRICT_OBJC_MSGSEND = YES;
				ENABLE_TESTABILITY = YES;
				GCC_C_LANGUAGE_STANDARD = gnu11;
				GCC_DYNAMIC_NO_PIC = NO;
				GCC_NO_COMMON_BLOCKS = YES;
				GCC_OPTIMIZATION_LEVEL = 0;
				GCC_PREPROCESSOR_DEFINITIONS = (
					"DEBUG=1",
					"$(inherited)",
				);
				GCC_WARN_64_TO_32_BIT_CONVERSION = YES;
				GCC_WARN_ABOUT_RETURN_TYPE = YES_ERROR;
				GCC_WARN_UNDECLARED_SELECTOR = YES;
				GCC_WARN_UNINITIALIZED_AUTOS = YES_AGGRESSIVE;
				GCC_WARN_UNUSED_FUNCTION = YES;
				GCC_WARN_UNUSED_VARIABLE = YES;
				IPHONEOS_DEPLOYMENT_TARGET = 15.5;
				MTL_ENABLE_DEBUG_INFO = INCLUDE_SOURCE;
				MTL_FAST_MATH = YES;
				ONLY_ACTIVE_ARCH = YES;
				SDKROOT = iphoneos;
				SWIFT_ACTIVE_COMPILATION_CONDITIONS = DEBUG;
				SWIFT_OPTIMIZATION_LEVEL = "-Onone";
			};
			name = Debug;
		};
		0449E12D29B768AD00C87C3F /* Release */ = {
			isa = XCBuildConfiguration;
			buildSettings = {
				ALWAYS_SEARCH_USER_PATHS = NO;
				CLANG_ANALYZER_NONNULL = YES;
				CLANG_ANALYZER_NUMBER_OBJECT_CONVERSION = YES_AGGRESSIVE;
				CLANG_CXX_LANGUAGE_STANDARD = "gnu++17";
				CLANG_ENABLE_MODULES = YES;
				CLANG_ENABLE_OBJC_ARC = YES;
				CLANG_ENABLE_OBJC_WEAK = YES;
				CLANG_WARN_BLOCK_CAPTURE_AUTORELEASING = YES;
				CLANG_WARN_BOOL_CONVERSION = YES;
				CLANG_WARN_COMMA = YES;
				CLANG_WARN_CONSTANT_CONVERSION = YES;
				CLANG_WARN_DEPRECATED_OBJC_IMPLEMENTATIONS = YES;
				CLANG_WARN_DIRECT_OBJC_ISA_USAGE = YES_ERROR;
				CLANG_WARN_DOCUMENTATION_COMMENTS = YES;
				CLANG_WARN_EMPTY_BODY = YES;
				CLANG_WARN_ENUM_CONVERSION = YES;
				CLANG_WARN_INFINITE_RECURSION = YES;
				CLANG_WARN_INT_CONVERSION = YES;
				CLANG_WARN_NON_LITERAL_NULL_CONVERSION = YES;
				CLANG_WARN_OBJC_IMPLICIT_RETAIN_SELF = YES;
				CLANG_WARN_OBJC_LITERAL_CONVERSION = YES;
				CLANG_WARN_OBJC_ROOT_CLASS = YES_ERROR;
				CLANG_WARN_QUOTED_INCLUDE_IN_FRAMEWORK_HEADER = YES;
				CLANG_WARN_RANGE_LOOP_ANALYSIS = YES;
				CLANG_WARN_STRICT_PROTOTYPES = YES;
				CLANG_WARN_SUSPICIOUS_MOVE = YES;
				CLANG_WARN_UNGUARDED_AVAILABILITY = YES_AGGRESSIVE;
				CLANG_WARN_UNREACHABLE_CODE = YES;
				CLANG_WARN__DUPLICATE_METHOD_MATCH = YES;
				COPY_PHASE_STRIP = NO;
				DEBUG_INFORMATION_FORMAT = "dwarf-with-dsym";
				ENABLE_NS_ASSERTIONS = NO;
				ENABLE_STRICT_OBJC_MSGSEND = YES;
				GCC_C_LANGUAGE_STANDARD = gnu11;
				GCC_NO_COMMON_BLOCKS = YES;
				GCC_WARN_64_TO_32_BIT_CONVERSION = YES;
				GCC_WARN_ABOUT_RETURN_TYPE = YES_ERROR;
				GCC_WARN_UNDECLARED_SELECTOR = YES;
				GCC_WARN_UNINITIALIZED_AUTOS = YES_AGGRESSIVE;
				GCC_WARN_UNUSED_FUNCTION = YES;
				GCC_WARN_UNUSED_VARIABLE = YES;
				IPHONEOS_DEPLOYMENT_TARGET = 15.5;
				MTL_ENABLE_DEBUG_INFO = NO;
				MTL_FAST_MATH = YES;
				SDKROOT = iphoneos;
				SWIFT_COMPILATION_MODE = wholemodule;
				SWIFT_OPTIMIZATION_LEVEL = "-O";
				VALIDATE_PRODUCT = YES;
			};
			name = Release;
		};
		0449E12F29B768AD00C87C3F /* Debug */ = {
			isa = XCBuildConfiguration;
			baseConfigurationReference = 62F543B3B5A15A26623C668D /* Pods-Task6.debug.xcconfig */;
			buildSettings = {
				ASSETCATALOG_COMPILER_APPICON_NAME = AppIcon;
				ASSETCATALOG_COMPILER_GLOBAL_ACCENT_COLOR_NAME = AccentColor;
				CODE_SIGN_STYLE = Automatic;
				CURRENT_PROJECT_VERSION = 1;
				GENERATE_INFOPLIST_FILE = YES;
				INFOPLIST_FILE = Task6/Info.plist;
				INFOPLIST_KEY_UIApplicationSupportsIndirectInputEvents = YES;
				INFOPLIST_KEY_UILaunchStoryboardName = LaunchScreen;
				INFOPLIST_KEY_UIMainStoryboardFile = Main;
				INFOPLIST_KEY_UISupportedInterfaceOrientations_iPad = "UIInterfaceOrientationPortrait UIInterfaceOrientationPortraitUpsideDown UIInterfaceOrientationLandscapeLeft UIInterfaceOrientationLandscapeRight";
				INFOPLIST_KEY_UISupportedInterfaceOrientations_iPhone = "UIInterfaceOrientationPortrait UIInterfaceOrientationLandscapeLeft UIInterfaceOrientationLandscapeRight";
				LD_RUNPATH_SEARCH_PATHS = (
					"$(inherited)",
					"@executable_path/Frameworks",
				);
				MARKETING_VERSION = 1.0;
				PRODUCT_BUNDLE_IDENTIFIER = demo.Task6;
				PRODUCT_NAME = "$(TARGET_NAME)";
				SWIFT_EMIT_LOC_STRINGS = YES;
				SWIFT_VERSION = 5.0;
				TARGETED_DEVICE_FAMILY = "1,2";
			};
			name = Debug;
		};
		0449E13029B768AD00C87C3F /* Release */ = {
			isa = XCBuildConfiguration;
			baseConfigurationReference = FA1FD35BBF95A9DD82DFC4F3 /* Pods-Task6.release.xcconfig */;
			buildSettings = {
				ASSETCATALOG_COMPILER_APPICON_NAME = AppIcon;
				ASSETCATALOG_COMPILER_GLOBAL_ACCENT_COLOR_NAME = AccentColor;
				CODE_SIGN_STYLE = Automatic;
				CURRENT_PROJECT_VERSION = 1;
				GENERATE_INFOPLIST_FILE = YES;
				INFOPLIST_FILE = Task6/Info.plist;
				INFOPLIST_KEY_UIApplicationSupportsIndirectInputEvents = YES;
				INFOPLIST_KEY_UILaunchStoryboardName = LaunchScreen;
				INFOPLIST_KEY_UIMainStoryboardFile = Main;
				INFOPLIST_KEY_UISupportedInterfaceOrientations_iPad = "UIInterfaceOrientationPortrait UIInterfaceOrientationPortraitUpsideDown UIInterfaceOrientationLandscapeLeft UIInterfaceOrientationLandscapeRight";
				INFOPLIST_KEY_UISupportedInterfaceOrientations_iPhone = "UIInterfaceOrientationPortrait UIInterfaceOrientationLandscapeLeft UIInterfaceOrientationLandscapeRight";
				LD_RUNPATH_SEARCH_PATHS = (
					"$(inherited)",
					"@executable_path/Frameworks",
				);
				MARKETING_VERSION = 1.0;
				PRODUCT_BUNDLE_IDENTIFIER = demo.Task6;
				PRODUCT_NAME = "$(TARGET_NAME)";
				SWIFT_EMIT_LOC_STRINGS = YES;
				SWIFT_VERSION = 5.0;
				TARGETED_DEVICE_FAMILY = "1,2";
			};
			name = Release;
		};
/* End XCBuildConfiguration section */

/* Begin XCConfigurationList section */
		0449E11529B768AB00C87C3F /* Build configuration list for PBXProject "Task6" */ = {
			isa = XCConfigurationList;
			buildConfigurations = (
				0449E12C29B768AD00C87C3F /* Debug */,
				0449E12D29B768AD00C87C3F /* Release */,
			);
			defaultConfigurationIsVisible = 0;
			defaultConfigurationName = Release;
		};
		0449E12E29B768AD00C87C3F /* Build configuration list for PBXNativeTarget "Task6" */ = {
			isa = XCConfigurationList;
			buildConfigurations = (
				0449E12F29B768AD00C87C3F /* Debug */,
				0449E13029B768AD00C87C3F /* Release */,
			);
			defaultConfigurationIsVisible = 0;
			defaultConfigurationName = Release;
		};
/* End XCConfigurationList section */
	};
	rootObject = 0449E11229B768AB00C87C3F /* Project object */;
}
